
Microsoft Visual Studio Solution File, Format Version 12.00
# Visual Studio Version 16
VisualStudioVersion = 16.0.30330.147
MinimumVisualStudioVersion = 10.0.40219.1
Project("{FAE04EC0-301F-11D3-BF4B-00C04F79EFBC}") = "WineGuys", "WineGuys\WineGuys.csproj", "{1891FCFB-1041-4C16-A84D-926A31AAE5D1}"
EndProject
Global
	GlobalSection(SolutionConfigurationPlatforms) = preSolution
		Debug|Any CPU = Debug|Any CPU
		Release|Any CPU = Release|Any CPU
	EndGlobalSection
	GlobalSection(ProjectConfigurationPlatforms) = postSolution
		{1891FCFB-1041-4C16-A84D-926A31AAE5D1}.Debug|Any CPU.ActiveCfg = Debug|Any CPU
		{1891FCFB-1041-4C16-A84D-926A31AAE5D1}.Debug|Any CPU.Build.0 = Debug|Any CPU
		{1891FCFB-1041-4C16-A84D-926A31AAE5D1}.Release|Any CPU.ActiveCfg = Release|Any CPU
		{1891FCFB-1041-4C16-A84D-926A31AAE5D1}.Release|Any CPU.Build.0 = Release|Any CPU
	EndGlobalSection
	GlobalSection(SolutionProperties) = preSolution
		HideSolutionNode = FALSE
	EndGlobalSection
	GlobalSection(ExtensibilityGlobals) = postSolution
		SolutionGuid = {8FB116D9-67A1-4F29-9070-D19A14A5B63A}
	EndGlobalSection
EndGlobal
